
Microsoft Visual Studio Solution File, Format Version 12.00
# Visual Studio 15
VisualStudioVersion = 15.0.28307.168
MinimumVisualStudioVersion = 10.0.40219.1
Project("{FAE04EC0-301F-11D3-BF4B-00C04F79EFBC}") = "Sales.Android", "Sales\Sales.Android\Sales.Android.csproj", "{C7636B3C-539C-4BCF-BD68-CC27508DAAE5}"
EndProject
Project("{FAE04EC0-301F-11D3-BF4B-00C04F79EFBC}") = "Sales.iOS", "Sales\Sales.iOS\Sales.iOS.csproj", "{A45209FE-B57D-4857-B520-D05E31F23FDF}"
EndProject
Project("{FAE04EC0-301F-11D3-BF4B-00C04F79EFBC}") = "Sales.UWP", "Sales\Sales.UWP\Sales.UWP.csproj", "{006F31FB-489D-4E06-A766-050898FB92DF}"
EndProject
Project("{FAE04EC0-301F-11D3-BF4B-00C04F79EFBC}") = "Sales", "Sales\Sales\Sales.csproj", "{F51F73FF-05A8-4A8B-84FB-226A3F4F2922}"
EndProject
Project("{FAE04EC0-301F-11D3-BF4B-00C04F79EFBC}") = "Sales.Backend", "Sales.Backend\Sales.Backend.csproj", "{71400766-F841-4B37-B264-02440C73C784}"
EndProject
Project("{FAE04EC0-301F-11D3-BF4B-00C04F79EFBC}") = "Sales.API", "Sales.API\Sales.API.csproj", "{256EC67C-B31B-4C05-A098-829F09E67A89}"
EndProject
Project("{FAE04EC0-301F-11D3-BF4B-00C04F79EFBC}") = "Sales.Domain", "Sales.Domain\Sales.Domain.csproj", "{DB36861E-9F4D-416C-9498-78B82C7334A2}"
EndProject
Project("{FAE04EC0-301F-11D3-BF4B-00C04F79EFBC}") = "Sales.Common", "Sales.Common\Sales.Common.csproj", "{0A64D1A4-302D-421A-A6B6-D430F54B9063}"
EndProject
Global
	GlobalSection(SolutionConfigurationPlatforms) = preSolution
		Ad-Hoc|Any CPU = Ad-Hoc|Any CPU
		Ad-Hoc|ARM = Ad-Hoc|ARM
		Ad-Hoc|iPhone = Ad-Hoc|iPhone
		Ad-Hoc|iPhoneSimulator = Ad-Hoc|iPhoneSimulator
		Ad-Hoc|x64 = Ad-Hoc|x64
		Ad-Hoc|x86 = Ad-Hoc|x86
		AppStore|Any CPU = AppStore|Any CPU
		AppStore|ARM = AppStore|ARM
		AppStore|iPhone = AppStore|iPhone
		AppStore|iPhoneSimulator = AppStore|iPhoneSimulator
		AppStore|x64 = AppStore|x64
		AppStore|x86 = AppStore|x86
		Debug|Any CPU = Debug|Any CPU
		Debug|ARM = Debug|ARM
		Debug|iPhone = Debug|iPhone
		Debug|iPhoneSimulator = Debug|iPhoneSimulator
		Debug|x64 = Debug|x64
		Debug|x86 = Debug|x86
		Release|Any CPU = Release|Any CPU
		Release|ARM = Release|ARM
		Release|iPhone = Release|iPhone
		Release|iPhoneSimulator = Release|iPhoneSimulator
		Release|x64 = Release|x64
		Release|x86 = Release|x86
	EndGlobalSection
	GlobalSection(ProjectConfigurationPlatforms) = postSolution
		{C7636B3C-539C-4BCF-BD68-CC27508DAAE5}.Ad-Hoc|Any CPU.ActiveCfg = Release|Any CPU
		{C7636B3C-539C-4BCF-BD68-CC27508DAAE5}.Ad-Hoc|Any CPU.Build.0 = Release|Any CPU
		{C7636B3C-539C-4BCF-BD68-CC27508DAAE5}.Ad-Hoc|Any CPU.Deploy.0 = Release|Any CPU
		{C7636B3C-539C-4BCF-BD68-CC27508DAAE5}.Ad-Hoc|ARM.ActiveCfg = Release|Any CPU
		{C7636B3C-539C-4BCF-BD68-CC27508DAAE5}.Ad-Hoc|ARM.Build.0 = Release|Any CPU
		{C7636B3C-539C-4BCF-BD68-CC27508DAAE5}.Ad-Hoc|ARM.Deploy.0 = Release|Any CPU
		{C7636B3C-539C-4BCF-BD68-CC27508DAAE5}.Ad-Hoc|iPhone.ActiveCfg = Release|Any CPU
		{C7636B3C-539C-4BCF-BD68-CC27508DAAE5}.Ad-Hoc|iPhone.Build.0 = Release|Any CPU
		{C7636B3C-539C-4BCF-BD68-CC27508DAAE5}.Ad-Hoc|iPhone.Deploy.0 = Release|Any CPU
		{C7636B3C-539C-4BCF-BD68-CC27508DAAE5}.Ad-Hoc|iPhoneSimulator.ActiveCfg = Release|Any CPU
		{C7636B3C-539C-4BCF-BD68-CC27508DAAE5}.Ad-Hoc|iPhoneSimulator.Build.0 = Release|Any CPU
		{C7636B3C-539C-4BCF-BD68-CC27508DAAE5}.Ad-Hoc|iPhoneSimulator.Deploy.0 = Release|Any CPU
		{C7636B3C-539C-4BCF-BD68-CC27508DAAE5}.Ad-Hoc|x64.ActiveCfg = Release|Any CPU
		{C7636B3C-539C-4BCF-BD68-CC27508DAAE5}.Ad-Hoc|x64.Build.0 = Release|Any CPU
		{C7636B3C-539C-4BCF-BD68-CC27508DAAE5}.Ad-Hoc|x64.Deploy.0 = Release|Any CPU
		{C7636B3C-539C-4BCF-BD68-CC27508DAAE5}.Ad-Hoc|x86.ActiveCfg = Release|Any CPU
		{C7636B3C-539C-4BCF-BD68-CC27508DAAE5}.Ad-Hoc|x86.Build.0 = Release|Any CPU
		{C7636B3C-539C-4BCF-BD68-CC27508DAAE5}.Ad-Hoc|x86.Deploy.0 = Release|Any CPU
		{C7636B3C-539C-4BCF-BD68-CC27508DAAE5}.AppStore|Any CPU.ActiveCfg = Release|Any CPU
		{C7636B3C-539C-4BCF-BD68-CC27508DAAE5}.AppStore|Any CPU.Build.0 = Release|Any CPU
		{C7636B3C-539C-4BCF-BD68-CC27508DAAE5}.AppStore|Any CPU.Deploy.0 = Release|Any CPU
		{C7636B3C-539C-4BCF-BD68-CC27508DAAE5}.AppStore|ARM.ActiveCfg = Release|Any CPU
		{C7636B3C-539C-4BCF-BD68-CC27508DAAE5}.AppStore|ARM.Build.0 = Release|Any CPU
		{C7636B3C-539C-4BCF-BD68-CC27508DAAE5}.AppStore|ARM.Deploy.0 = Release|Any CPU
		{C7636B3C-539C-4BCF-BD68-CC27508DAAE5}.AppStore|iPhone.ActiveCfg = Release|Any CPU
		{C7636B3C-539C-4BCF-BD68-CC27508DAAE5}.AppStore|iPhone.Build.0 = Release|Any CPU
		{C7636B3C-539C-4BCF-BD68-CC27508DAAE5}.AppStore|iPhone.Deploy.0 = Release|Any CPU
		{C7636B3C-539C-4BCF-BD68-CC27508DAAE5}.AppStore|iPhoneSimulator.ActiveCfg = Release|Any CPU
		{C7636B3C-539C-4BCF-BD68-CC27508DAAE5}.AppStore|iPhoneSimulator.Build.0 = Release|Any CPU
		{C7636B3C-539C-4BCF-BD68-CC27508DAAE5}.AppStore|iPhoneSimulator.Deploy.0 = Release|Any CPU
		{C7636B3C-539C-4BCF-BD68-CC27508DAAE5}.AppStore|x64.ActiveCfg = Release|Any CPU
		{C7636B3C-539C-4BCF-BD68-CC27508DAAE5}.AppStore|x64.Build.0 = Release|Any CPU
		{C7636B3C-539C-4BCF-BD68-CC27508DAAE5}.AppStore|x64.Deploy.0 = Release|Any CPU
		{C7636B3C-539C-4BCF-BD68-CC27508DAAE5}.AppStore|x86.ActiveCfg = Release|Any CPU
		{C7636B3C-539C-4BCF-BD68-CC27508DAAE5}.AppStore|x86.Build.0 = Release|Any CPU
		{C7636B3C-539C-4BCF-BD68-CC27508DAAE5}.AppStore|x86.Deploy.0 = Release|Any CPU
		{C7636B3C-539C-4BCF-BD68-CC27508DAAE5}.Debug|Any CPU.ActiveCfg = Debug|Any CPU
		{C7636B3C-539C-4BCF-BD68-CC27508DAAE5}.Debug|Any CPU.Build.0 = Debug|Any CPU
		{C7636B3C-539C-4BCF-BD68-CC27508DAAE5}.Debug|Any CPU.Deploy.0 = Debug|Any CPU
		{C7636B3C-539C-4BCF-BD68-CC27508DAAE5}.Debug|ARM.ActiveCfg = Debug|Any CPU
		{C7636B3C-539C-4BCF-BD68-CC27508DAAE5}.Debug|ARM.Build.0 = Debug|Any CPU
		{C7636B3C-539C-4BCF-BD68-CC27508DAAE5}.Debug|ARM.Deploy.0 = Debug|Any CPU
		{C7636B3C-539C-4BCF-BD68-CC27508DAAE5}.Debug|iPhone.ActiveCfg = Debug|Any CPU
		{C7636B3C-539C-4BCF-BD68-CC27508DAAE5}.Debug|iPhone.Build.0 = Debug|Any CPU
		{C7636B3C-539C-4BCF-BD68-CC27508DAAE5}.Debug|iPhone.Deploy.0 = Debug|Any CPU
		{C7636B3C-539C-4BCF-BD68-CC27508DAAE5}.Debug|iPhoneSimulator.ActiveCfg = Debug|Any CPU
		{C7636B3C-539C-4BCF-BD68-CC27508DAAE5}.Debug|iPhoneSimulator.Build.0 = Debug|Any CPU
		{C7636B3C-539C-4BCF-BD68-CC27508DAAE5}.Debug|iPhoneSimulator.Deploy.0 = Debug|Any CPU
		{C7636B3C-539C-4BCF-BD68-CC27508DAAE5}.Debug|x64.ActiveCfg = Debug|Any CPU
		{C7636B3C-539C-4BCF-BD68-CC27508DAAE5}.Debug|x64.Build.0 = Debug|Any CPU
		{C7636B3C-539C-4BCF-BD68-CC27508DAAE5}.Debug|x64.Deploy.0 = Debug|Any CPU
		{C7636B3C-539C-4BCF-BD68-CC27508DAAE5}.Debug|x86.ActiveCfg = Debug|Any CPU
		{C7636B3C-539C-4BCF-BD68-CC27508DAAE5}.Debug|x86.Build.0 = Debug|Any CPU
		{C7636B3C-539C-4BCF-BD68-CC27508DAAE5}.Debug|x86.Deploy.0 = Debug|Any CPU
		{C7636B3C-539C-4BCF-BD68-CC27508DAAE5}.Release|Any CPU.ActiveCfg = Release|Any CPU
		{C7636B3C-539C-4BCF-BD68-CC27508DAAE5}.Release|Any CPU.Build.0 = Release|Any CPU
		{C7636B3C-539C-4BCF-BD68-CC27508DAAE5}.Release|Any CPU.Deploy.0 = Release|Any CPU
		{C7636B3C-539C-4BCF-BD68-CC27508DAAE5}.Release|ARM.ActiveCfg = Release|Any CPU
		{C7636B3C-539C-4BCF-BD68-CC27508DAAE5}.Release|ARM.Build.0 = Release|Any CPU
		{C7636B3C-539C-4BCF-BD68-CC27508DAAE5}.Release|ARM.Deploy.0 = Release|Any CPU
		{C7636B3C-539C-4BCF-BD68-CC27508DAAE5}.Release|iPhone.ActiveCfg = Release|Any CPU
		{C7636B3C-539C-4BCF-BD68-CC27508DAAE5}.Release|iPhone.Build.0 = Release|Any CPU
		{C7636B3C-539C-4BCF-BD68-CC27508DAAE5}.Release|iPhone.Deploy.0 = Release|Any CPU
		{C7636B3C-539C-4BCF-BD68-CC27508DAAE5}.Release|iPhoneSimulator.ActiveCfg = Release|Any CPU
		{C7636B3C-539C-4BCF-BD68-CC27508DAAE5}.Release|iPhoneSimulator.Build.0 = Release|Any CPU
		{C7636B3C-539C-4BCF-BD68-CC27508DAAE5}.Release|iPhoneSimulator.Deploy.0 = Release|Any CPU
		{C7636B3C-539C-4BCF-BD68-CC27508DAAE5}.Release|x64.ActiveCfg = Release|Any CPU
		{C7636B3C-539C-4BCF-BD68-CC27508DAAE5}.Release|x64.Build.0 = Release|Any CPU
		{C7636B3C-539C-4BCF-BD68-CC27508DAAE5}.Release|x64.Deploy.0 = Release|Any CPU
		{C7636B3C-539C-4BCF-BD68-CC27508DAAE5}.Release|x86.ActiveCfg = Release|Any CPU
		{C7636B3C-539C-4BCF-BD68-CC27508DAAE5}.Release|x86.Build.0 = Release|Any CPU
		{C7636B3C-539C-4BCF-BD68-CC27508DAAE5}.Release|x86.Deploy.0 = Release|Any CPU
		{A45209FE-B57D-4857-B520-D05E31F23FDF}.Ad-Hoc|Any CPU.ActiveCfg = Ad-Hoc|iPhone
		{A45209FE-B57D-4857-B520-D05E31F23FDF}.Ad-Hoc|Any CPU.Build.0 = Ad-Hoc|iPhone
		{A45209FE-B57D-4857-B520-D05E31F23FDF}.Ad-Hoc|Any CPU.Deploy.0 = Ad-Hoc|iPhone
		{A45209FE-B57D-4857-B520-D05E31F23FDF}.Ad-Hoc|ARM.ActiveCfg = Ad-Hoc|iPhone
		{A45209FE-B57D-4857-B520-D05E31F23FDF}.Ad-Hoc|ARM.Build.0 = Ad-Hoc|iPhone
		{A45209FE-B57D-4857-B520-D05E31F23FDF}.Ad-Hoc|ARM.Deploy.0 = Ad-Hoc|iPhone
		{A45209FE-B57D-4857-B520-D05E31F23FDF}.Ad-Hoc|iPhone.ActiveCfg = Ad-Hoc|iPhone
		{A45209FE-B57D-4857-B520-D05E31F23FDF}.Ad-Hoc|iPhone.Build.0 = Ad-Hoc|iPhone
		{A45209FE-B57D-4857-B520-D05E31F23FDF}.Ad-Hoc|iPhone.Deploy.0 = Ad-Hoc|iPhone
		{A45209FE-B57D-4857-B520-D05E31F23FDF}.Ad-Hoc|iPhoneSimulator.ActiveCfg = Ad-Hoc|iPhoneSimulator
		{A45209FE-B57D-4857-B520-D05E31F23FDF}.Ad-Hoc|iPhoneSimulator.Build.0 = Ad-Hoc|iPhoneSimulator
		{A45209FE-B57D-4857-B520-D05E31F23FDF}.Ad-Hoc|iPhoneSimulator.Deploy.0 = Ad-Hoc|iPhoneSimulator
		{A45209FE-B57D-4857-B520-D05E31F23FDF}.Ad-Hoc|x64.ActiveCfg = Ad-Hoc|iPhone
		{A45209FE-B57D-4857-B520-D05E31F23FDF}.Ad-Hoc|x64.Build.0 = Ad-Hoc|iPhone
		{A45209FE-B57D-4857-B520-D05E31F23FDF}.Ad-Hoc|x64.Deploy.0 = Ad-Hoc|iPhone
		{A45209FE-B57D-4857-B520-D05E31F23FDF}.Ad-Hoc|x86.ActiveCfg = Ad-Hoc|iPhone
		{A45209FE-B57D-4857-B520-D05E31F23FDF}.Ad-Hoc|x86.Build.0 = Ad-Hoc|iPhone
		{A45209FE-B57D-4857-B520-D05E31F23FDF}.Ad-Hoc|x86.Deploy.0 = Ad-Hoc|iPhone
		{A45209FE-B57D-4857-B520-D05E31F23FDF}.AppStore|Any CPU.ActiveCfg = AppStore|iPhone
		{A45209FE-B57D-4857-B520-D05E31F23FDF}.AppStore|Any CPU.Build.0 = AppStore|iPhone
		{A45209FE-B57D-4857-B520-D05E31F23FDF}.AppStore|Any CPU.Deploy.0 = AppStore|iPhone
		{A45209FE-B57D-4857-B520-D05E31F23FDF}.AppStore|ARM.ActiveCfg = AppStore|iPhone
		{A45209FE-B57D-4857-B520-D05E31F23FDF}.AppStore|ARM.Build.0 = AppStore|iPhone
		{A45209FE-B57D-4857-B520-D05E31F23FDF}.AppStore|ARM.Deploy.0 = AppStore|iPhone
		{A45209FE-B57D-4857-B520-D05E31F23FDF}.AppStore|iPhone.ActiveCfg = AppStore|iPhone
		{A45209FE-B57D-4857-B520-D05E31F23FDF}.AppStore|iPhone.Build.0 = AppStore|iPhone
		{A45209FE-B57D-4857-B520-D05E31F23FDF}.AppStore|iPhone.Deploy.0 = AppStore|iPhone
		{A45209FE-B57D-4857-B520-D05E31F23FDF}.AppStore|iPhoneSimulator.ActiveCfg = AppStore|iPhoneSimulator
		{A45209FE-B57D-4857-B520-D05E31F23FDF}.AppStore|iPhoneSimulator.Build.0 = AppStore|iPhoneSimulator
		{A45209FE-B57D-4857-B520-D05E31F23FDF}.AppStore|iPhoneSimulator.Deploy.0 = AppStore|iPhoneSimulator
		{A45209FE-B57D-4857-B520-D05E31F23FDF}.AppStore|x64.ActiveCfg = AppStore|iPhone
		{A45209FE-B57D-4857-B520-D05E31F23FDF}.AppStore|x64.Build.0 = AppStore|iPhone
		{A45209FE-B57D-4857-B520-D05E31F23FDF}.AppStore|x64.Deploy.0 = AppStore|iPhone
		{A45209FE-B57D-4857-B520-D05E31F23FDF}.AppStore|x86.ActiveCfg = AppStore|iPhone
		{A45209FE-B57D-4857-B520-D05E31F23FDF}.AppStore|x86.Build.0 = AppStore|iPhone
		{A45209FE-B57D-4857-B520-D05E31F23FDF}.AppStore|x86.Deploy.0 = AppStore|iPhone
		{A45209FE-B57D-4857-B520-D05E31F23FDF}.Debug|Any CPU.ActiveCfg = Debug|iPhoneSimulator
		{A45209FE-B57D-4857-B520-D05E31F23FDF}.Debug|Any CPU.Build.0 = Debug|iPhoneSimulator
		{A45209FE-B57D-4857-B520-D05E31F23FDF}.Debug|Any CPU.Deploy.0 = Debug|iPhoneSimulator
		{A45209FE-B57D-4857-B520-D05E31F23FDF}.Debug|ARM.ActiveCfg = Debug|iPhone
		{A45209FE-B57D-4857-B520-D05E31F23FDF}.Debug|ARM.Build.0 = Debug|iPhone
		{A45209FE-B57D-4857-B520-D05E31F23FDF}.Debug|ARM.Deploy.0 = Debug|iPhone
		{A45209FE-B57D-4857-B520-D05E31F23FDF}.Debug|iPhone.ActiveCfg = Debug|iPhone
		{A45209FE-B57D-4857-B520-D05E31F23FDF}.Debug|iPhone.Build.0 = Debug|iPhone
		{A45209FE-B57D-4857-B520-D05E31F23FDF}.Debug|iPhone.Deploy.0 = Debug|iPhone
		{A45209FE-B57D-4857-B520-D05E31F23FDF}.Debug|iPhoneSimulator.ActiveCfg = Debug|iPhoneSimulator
		{A45209FE-B57D-4857-B520-D05E31F23FDF}.Debug|iPhoneSimulator.Build.0 = Debug|iPhoneSimulator
		{A45209FE-B57D-4857-B520-D05E31F23FDF}.Debug|iPhoneSimulator.Deploy.0 = Debug|iPhoneSimulator
		{A45209FE-B57D-4857-B520-D05E31F23FDF}.Debug|x64.ActiveCfg = Debug|iPhone
		{A45209FE-B57D-4857-B520-D05E31F23FDF}.Debug|x64.Build.0 = Debug|iPhone
		{A45209FE-B57D-4857-B520-D05E31F23FDF}.Debug|x64.Deploy.0 = Debug|iPhone
		{A45209FE-B57D-4857-B520-D05E31F23FDF}.Debug|x86.ActiveCfg = Debug|iPhone
		{A45209FE-B57D-4857-B520-D05E31F23FDF}.Debug|x86.Build.0 = Debug|iPhone
		{A45209FE-B57D-4857-B520-D05E31F23FDF}.Debug|x86.Deploy.0 = Debug|iPhone
		{A45209FE-B57D-4857-B520-D05E31F23FDF}.Release|Any CPU.ActiveCfg = Release|iPhone
		{A45209FE-B57D-4857-B520-D05E31F23FDF}.Release|Any CPU.Build.0 = Release|iPhone
		{A45209FE-B57D-4857-B520-D05E31F23FDF}.Release|Any CPU.Deploy.0 = Release|iPhone
		{A45209FE-B57D-4857-B520-D05E31F23FDF}.Release|ARM.ActiveCfg = Release|iPhone
		{A45209FE-B57D-4857-B520-D05E31F23FDF}.Release|ARM.Build.0 = Release|iPhone
		{A45209FE-B57D-4857-B520-D05E31F23FDF}.Release|ARM.Deploy.0 = Release|iPhone
		{A45209FE-B57D-4857-B520-D05E31F23FDF}.Release|iPhone.ActiveCfg = Release|iPhone
		{A45209FE-B57D-4857-B520-D05E31F23FDF}.Release|iPhone.Build.0 = Release|iPhone
		{A45209FE-B57D-4857-B520-D05E31F23FDF}.Release|iPhone.Deploy.0 = Release|iPhone
		{A45209FE-B57D-4857-B520-D05E31F23FDF}.Release|iPhoneSimulator.ActiveCfg = Release|iPhoneSimulator
		{A45209FE-B57D-4857-B520-D05E31F23FDF}.Release|iPhoneSimulator.Build.0 = Release|iPhoneSimulator
		{A45209FE-B57D-4857-B520-D05E31F23FDF}.Release|iPhoneSimulator.Deploy.0 = Release|iPhoneSimulator
		{A45209FE-B57D-4857-B520-D05E31F23FDF}.Release|x64.ActiveCfg = Release|iPhone
		{A45209FE-B57D-4857-B520-D05E31F23FDF}.Release|x64.Build.0 = Release|iPhone
		{A45209FE-B57D-4857-B520-D05E31F23FDF}.Release|x64.Deploy.0 = Release|iPhone
		{A45209FE-B57D-4857-B520-D05E31F23FDF}.Release|x86.ActiveCfg = Release|iPhone
		{A45209FE-B57D-4857-B520-D05E31F23FDF}.Release|x86.Build.0 = Release|iPhone
		{A45209FE-B57D-4857-B520-D05E31F23FDF}.Release|x86.Deploy.0 = Release|iPhone
		{006F31FB-489D-4E06-A766-050898FB92DF}.Ad-Hoc|Any CPU.ActiveCfg = Release|x86
		{006F31FB-489D-4E06-A766-050898FB92DF}.Ad-Hoc|Any CPU.Build.0 = Release|x86
		{006F31FB-489D-4E06-A766-050898FB92DF}.Ad-Hoc|Any CPU.Deploy.0 = Release|x86
		{006F31FB-489D-4E06-A766-050898FB92DF}.Ad-Hoc|ARM.ActiveCfg = Release|ARM
		{006F31FB-489D-4E06-A766-050898FB92DF}.Ad-Hoc|ARM.Build.0 = Release|ARM
		{006F31FB-489D-4E06-A766-050898FB92DF}.Ad-Hoc|ARM.Deploy.0 = Release|ARM
		{006F31FB-489D-4E06-A766-050898FB92DF}.Ad-Hoc|iPhone.ActiveCfg = Release|x86
		{006F31FB-489D-4E06-A766-050898FB92DF}.Ad-Hoc|iPhone.Build.0 = Release|x86
		{006F31FB-489D-4E06-A766-050898FB92DF}.Ad-Hoc|iPhone.Deploy.0 = Release|x86
		{006F31FB-489D-4E06-A766-050898FB92DF}.Ad-Hoc|iPhoneSimulator.ActiveCfg = Release|x86
		{006F31FB-489D-4E06-A766-050898FB92DF}.Ad-Hoc|iPhoneSimulator.Build.0 = Release|x86
		{006F31FB-489D-4E06-A766-050898FB92DF}.Ad-Hoc|iPhoneSimulator.Deploy.0 = Release|x86
		{006F31FB-489D-4E06-A766-050898FB92DF}.Ad-Hoc|x64.ActiveCfg = Release|x64
		{006F31FB-489D-4E06-A766-050898FB92DF}.Ad-Hoc|x64.Build.0 = Release|x64
		{006F31FB-489D-4E06-A766-050898FB92DF}.Ad-Hoc|x64.Deploy.0 = Release|x64
		{006F31FB-489D-4E06-A766-050898FB92DF}.Ad-Hoc|x86.ActiveCfg = Release|x86
		{006F31FB-489D-4E06-A766-050898FB92DF}.Ad-Hoc|x86.Build.0 = Release|x86
		{006F31FB-489D-4E06-A766-050898FB92DF}.Ad-Hoc|x86.Deploy.0 = Release|x86
		{006F31FB-489D-4E06-A766-050898FB92DF}.AppStore|Any CPU.ActiveCfg = Release|x86
		{006F31FB-489D-4E06-A766-050898FB92DF}.AppStore|Any CPU.Build.0 = Release|x86
		{006F31FB-489D-4E06-A766-050898FB92DF}.AppStore|Any CPU.Deploy.0 = Release|x86
		{006F31FB-489D-4E06-A766-050898FB92DF}.AppStore|ARM.ActiveCfg = Release|ARM
		{006F31FB-489D-4E06-A766-050898FB92DF}.AppStore|ARM.Build.0 = Release|ARM
		{006F31FB-489D-4E06-A766-050898FB92DF}.AppStore|ARM.Deploy.0 = Release|ARM
		{006F31FB-489D-4E06-A766-050898FB92DF}.AppStore|iPhone.ActiveCfg = Release|x86
		{006F31FB-489D-4E06-A766-050898FB92DF}.AppStore|iPhone.Build.0 = Release|x86
		{006F31FB-489D-4E06-A766-050898FB92DF}.AppStore|iPhone.Deploy.0 = Release|x86
		{006F31FB-489D-4E06-A766-050898FB92DF}.AppStore|iPhoneSimulator.ActiveCfg = Release|x86
		{006F31FB-489D-4E06-A766-050898FB92DF}.AppStore|iPhoneSimulator.Build.0 = Release|x86
		{006F31FB-489D-4E06-A766-050898FB92DF}.AppStore|iPhoneSimulator.Deploy.0 = Release|x86
		{006F31FB-489D-4E06-A766-050898FB92DF}.AppStore|x64.ActiveCfg = Release|x64
		{006F31FB-489D-4E06-A766-050898FB92DF}.AppStore|x64.Build.0 = Release|x64
		{006F31FB-489D-4E06-A766-050898FB92DF}.AppStore|x64.Deploy.0 = Release|x64
		{006F31FB-489D-4E06-A766-050898FB92DF}.AppStore|x86.ActiveCfg = Release|x86
		{006F31FB-489D-4E06-A766-050898FB92DF}.AppStore|x86.Build.0 = Release|x86
		{006F31FB-489D-4E06-A766-050898FB92DF}.AppStore|x86.Deploy.0 = Release|x86
		{006F31FB-489D-4E06-A766-050898FB92DF}.Debug|Any CPU.ActiveCfg = Debug|x86
		{006F31FB-489D-4E06-A766-050898FB92DF}.Debug|Any CPU.Build.0 = Debug|x86
		{006F31FB-489D-4E06-A766-050898FB92DF}.Debug|Any CPU.Deploy.0 = Debug|x86
		{006F31FB-489D-4E06-A766-050898FB92DF}.Debug|ARM.ActiveCfg = Debug|ARM
		{006F31FB-489D-4E06-A766-050898FB92DF}.Debug|ARM.Build.0 = Debug|ARM
		{006F31FB-489D-4E06-A766-050898FB92DF}.Debug|ARM.Deploy.0 = Debug|ARM
		{006F31FB-489D-4E06-A766-050898FB92DF}.Debug|iPhone.ActiveCfg = Debug|x86
		{006F31FB-489D-4E06-A766-050898FB92DF}.Debug|iPhone.Build.0 = Debug|x86
		{006F31FB-489D-4E06-A766-050898FB92DF}.Debug|iPhone.Deploy.0 = Debug|x86
		{006F31FB-489D-4E06-A766-050898FB92DF}.Debug|iPhoneSimulator.ActiveCfg = Debug|x86
		{006F31FB-489D-4E06-A766-050898FB92DF}.Debug|iPhoneSimulator.Build.0 = Debug|x86
		{006F31FB-489D-4E06-A766-050898FB92DF}.Debug|iPhoneSimulator.Deploy.0 = Debug|x86
		{006F31FB-489D-4E06-A766-050898FB92DF}.Debug|x64.ActiveCfg = Debug|x64
		{006F31FB-489D-4E06-A766-050898FB92DF}.Debug|x64.Build.0 = Debug|x64
		{006F31FB-489D-4E06-A766-050898FB92DF}.Debug|x64.Deploy.0 = Debug|x64
		{006F31FB-489D-4E06-A766-050898FB92DF}.Debug|x86.ActiveCfg = Debug|x86
		{006F31FB-489D-4E06-A766-050898FB92DF}.Debug|x86.Build.0 = Debug|x86
		{006F31FB-489D-4E06-A766-050898FB92DF}.Debug|x86.Deploy.0 = Debug|x86
		{006F31FB-489D-4E06-A766-050898FB92DF}.Release|Any CPU.ActiveCfg = Release|x86
		{006F31FB-489D-4E06-A766-050898FB92DF}.Release|Any CPU.Build.0 = Release|x86
		{006F31FB-489D-4E06-A766-050898FB92DF}.Release|Any CPU.Deploy.0 = Release|x86
		{006F31FB-489D-4E06-A766-050898FB92DF}.Release|ARM.ActiveCfg = Release|ARM
		{006F31FB-489D-4E06-A766-050898FB92DF}.Release|ARM.Build.0 = Release|ARM
		{006F31FB-489D-4E06-A766-050898FB92DF}.Release|ARM.Deploy.0 = Release|ARM
		{006F31FB-489D-4E06-A766-050898FB92DF}.Release|iPhone.ActiveCfg = Release|x86
		{006F31FB-489D-4E06-A766-050898FB92DF}.Release|iPhone.Build.0 = Release|x86
		{006F31FB-489D-4E06-A766-050898FB92DF}.Release|iPhone.Deploy.0 = Release|x86
		{006F31FB-489D-4E06-A766-050898FB92DF}.Release|iPhoneSimulator.ActiveCfg = Release|x86
		{006F31FB-489D-4E06-A766-050898FB92DF}.Release|iPhoneSimulator.Build.0 = Release|x86
		{006F31FB-489D-4E06-A766-050898FB92DF}.Release|iPhoneSimulator.Deploy.0 = Release|x86
		{006F31FB-489D-4E06-A766-050898FB92DF}.Release|x64.ActiveCfg = Release|x64
		{006F31FB-489D-4E06-A766-050898FB92DF}.Release|x64.Build.0 = Release|x64
		{006F31FB-489D-4E06-A766-050898FB92DF}.Release|x64.Deploy.0 = Release|x64
		{006F31FB-489D-4E06-A766-050898FB92DF}.Release|x86.ActiveCfg = Release|x86
		{006F31FB-489D-4E06-A766-050898FB92DF}.Release|x86.Build.0 = Release|x86
		{006F31FB-489D-4E06-A766-050898FB92DF}.Release|x86.Deploy.0 = Release|x86
		{F51F73FF-05A8-4A8B-84FB-226A3F4F2922}.Ad-Hoc|Any CPU.ActiveCfg = Debug|Any CPU
		{F51F73FF-05A8-4A8B-84FB-226A3F4F2922}.Ad-Hoc|Any CPU.Build.0 = Debug|Any CPU
		{F51F73FF-05A8-4A8B-84FB-226A3F4F2922}.Ad-Hoc|Any CPU.Deploy.0 = Debug|Any CPU
		{F51F73FF-05A8-4A8B-84FB-226A3F4F2922}.Ad-Hoc|ARM.ActiveCfg = Debug|Any CPU
		{F51F73FF-05A8-4A8B-84FB-226A3F4F2922}.Ad-Hoc|ARM.Build.0 = Debug|Any CPU
		{F51F73FF-05A8-4A8B-84FB-226A3F4F2922}.Ad-Hoc|ARM.Deploy.0 = Debug|Any CPU
		{F51F73FF-05A8-4A8B-84FB-226A3F4F2922}.Ad-Hoc|iPhone.ActiveCfg = Debug|Any CPU
		{F51F73FF-05A8-4A8B-84FB-226A3F4F2922}.Ad-Hoc|iPhone.Build.0 = Debug|Any CPU
		{F51F73FF-05A8-4A8B-84FB-226A3F4F2922}.Ad-Hoc|iPhone.Deploy.0 = Debug|Any CPU
		{F51F73FF-05A8-4A8B-84FB-226A3F4F2922}.Ad-Hoc|iPhoneSimulator.ActiveCfg = Debug|Any CPU
		{F51F73FF-05A8-4A8B-84FB-226A3F4F2922}.Ad-Hoc|iPhoneSimulator.Build.0 = Debug|Any CPU
		{F51F73FF-05A8-4A8B-84FB-226A3F4F2922}.Ad-Hoc|iPhoneSimulator.Deploy.0 = Debug|Any CPU
		{F51F73FF-05A8-4A8B-84FB-226A3F4F2922}.Ad-Hoc|x64.ActiveCfg = Debug|Any CPU
		{F51F73FF-05A8-4A8B-84FB-226A3F4F2922}.Ad-Hoc|x64.Build.0 = Debug|Any CPU
		{F51F73FF-05A8-4A8B-84FB-226A3F4F2922}.Ad-Hoc|x64.Deploy.0 = Debug|Any CPU
		{F51F73FF-05A8-4A8B-84FB-226A3F4F2922}.Ad-Hoc|x86.ActiveCfg = Debug|Any CPU
		{F51F73FF-05A8-4A8B-84FB-226A3F4F2922}.Ad-Hoc|x86.Build.0 = Debug|Any CPU
		{F51F73FF-05A8-4A8B-84FB-226A3F4F2922}.Ad-Hoc|x86.Deploy.0 = Debug|Any CPU
		{F51F73FF-05A8-4A8B-84FB-226A3F4F2922}.AppStore|Any CPU.ActiveCfg = Debug|Any CPU
		{F51F73FF-05A8-4A8B-84FB-226A3F4F2922}.AppStore|Any CPU.Build.0 = Debug|Any CPU
		{F51F73FF-05A8-4A8B-84FB-226A3F4F2922}.AppStore|Any CPU.Deploy.0 = Debug|Any CPU
		{F51F73FF-05A8-4A8B-84FB-226A3F4F2922}.AppStore|ARM.ActiveCfg = Debug|Any CPU
		{F51F73FF-05A8-4A8B-84FB-226A3F4F2922}.AppStore|ARM.Build.0 = Debug|Any CPU
		{F51F73FF-05A8-4A8B-84FB-226A3F4F2922}.AppStore|ARM.Deploy.0 = Debug|Any CPU
		{F51F73FF-05A8-4A8B-84FB-226A3F4F2922}.AppStore|iPhone.ActiveCfg = Debug|Any CPU
		{F51F73FF-05A8-4A8B-84FB-226A3F4F2922}.AppStore|iPhone.Build.0 = Debug|Any CPU
		{F51F73FF-05A8-4A8B-84FB-226A3F4F2922}.AppStore|iPhone.Deploy.0 = Debug|Any CPU
		{F51F73FF-05A8-4A8B-84FB-226A3F4F2922}.AppStore|iPhoneSimulator.ActiveCfg = Debug|Any CPU
		{F51F73FF-05A8-4A8B-84FB-226A3F4F2922}.AppStore|iPhoneSimulator.Build.0 = Debug|Any CPU
		{F51F73FF-05A8-4A8B-84FB-226A3F4F2922}.AppStore|iPhoneSimulator.Deploy.0 = Debug|Any CPU
		{F51F73FF-05A8-4A8B-84FB-226A3F4F2922}.AppStore|x64.ActiveCfg = Debug|Any CPU
		{F51F73FF-05A8-4A8B-84FB-226A3F4F2922}.AppStore|x64.Build.0 = Debug|Any CPU
		{F51F73FF-05A8-4A8B-84FB-226A3F4F2922}.AppStore|x64.Deploy.0 = Debug|Any CPU
		{F51F73FF-05A8-4A8B-84FB-226A3F4F2922}.AppStore|x86.ActiveCfg = Debug|Any CPU
		{F51F73FF-05A8-4A8B-84FB-226A3F4F2922}.AppStore|x86.Build.0 = Debug|Any CPU
		{F51F73FF-05A8-4A8B-84FB-226A3F4F2922}.AppStore|x86.Deploy.0 = Debug|Any CPU
		{F51F73FF-05A8-4A8B-84FB-226A3F4F2922}.Debug|Any CPU.ActiveCfg = Debug|Any CPU
		{F51F73FF-05A8-4A8B-84FB-226A3F4F2922}.Debug|Any CPU.Build.0 = Debug|Any CPU
		{F51F73FF-05A8-4A8B-84FB-226A3F4F2922}.Debug|Any CPU.Deploy.0 = Debug|Any CPU
		{F51F73FF-05A8-4A8B-84FB-226A3F4F2922}.Debug|ARM.ActiveCfg = Debug|Any CPU
		{F51F73FF-05A8-4A8B-84FB-226A3F4F2922}.Debug|ARM.Build.0 = Debug|Any CPU
		{F51F73FF-05A8-4A8B-84FB-226A3F4F2922}.Debug|ARM.Deploy.0 = Debug|Any CPU
		{F51F73FF-05A8-4A8B-84FB-226A3F4F2922}.Debug|iPhone.ActiveCfg = Debug|Any CPU
		{F51F73FF-05A8-4A8B-84FB-226A3F4F2922}.Debug|iPhone.Build.0 = Debug|Any CPU
		{F51F73FF-05A8-4A8B-84FB-226A3F4F2922}.Debug|iPhone.Deploy.0 = Debug|Any CPU
		{F51F73FF-05A8-4A8B-84FB-226A3F4F2922}.Debug|iPhoneSimulator.ActiveCfg = Debug|Any CPU
		{F51F73FF-05A8-4A8B-84FB-226A3F4F2922}.Debug|iPhoneSimulator.Build.0 = Debug|Any CPU
		{F51F73FF-05A8-4A8B-84FB-226A3F4F2922}.Debug|iPhoneSimulator.Deploy.0 = Debug|Any CPU
		{F51F73FF-05A8-4A8B-84FB-226A3F4F2922}.Debug|x64.ActiveCfg = Debug|Any CPU
		{F51F73FF-05A8-4A8B-84FB-226A3F4F2922}.Debug|x64.Build.0 = Debug|Any CPU
		{F51F73FF-05A8-4A8B-84FB-226A3F4F2922}.Debug|x64.Deploy.0 = Debug|Any CPU
		{F51F73FF-05A8-4A8B-84FB-226A3F4F2922}.Debug|x86.ActiveCfg = Debug|Any CPU
		{F51F73FF-05A8-4A8B-84FB-226A3F4F2922}.Debug|x86.Build.0 = Debug|Any CPU
		{F51F73FF-05A8-4A8B-84FB-226A3F4F2922}.Debug|x86.Deploy.0 = Debug|Any CPU
		{F51F73FF-05A8-4A8B-84FB-226A3F4F2922}.Release|Any CPU.ActiveCfg = Release|Any CPU
		{F51F73FF-05A8-4A8B-84FB-226A3F4F2922}.Release|Any CPU.Build.0 = Release|Any CPU
		{F51F73FF-05A8-4A8B-84FB-226A3F4F2922}.Release|Any CPU.Deploy.0 = Release|Any CPU
		{F51F73FF-05A8-4A8B-84FB-226A3F4F2922}.Release|ARM.ActiveCfg = Release|Any CPU
		{F51F73FF-05A8-4A8B-84FB-226A3F4F2922}.Release|ARM.Build.0 = Release|Any CPU
		{F51F73FF-05A8-4A8B-84FB-226A3F4F2922}.Release|ARM.Deploy.0 = Release|Any CPU
		{F51F73FF-05A8-4A8B-84FB-226A3F4F2922}.Release|iPhone.ActiveCfg = Release|Any CPU
		{F51F73FF-05A8-4A8B-84FB-226A3F4F2922}.Release|iPhone.Build.0 = Release|Any CPU
		{F51F73FF-05A8-4A8B-84FB-226A3F4F2922}.Release|iPhone.Deploy.0 = Release|Any CPU
		{F51F73FF-05A8-4A8B-84FB-226A3F4F2922}.Release|iPhoneSimulator.ActiveCfg = Release|Any CPU
		{F51F73FF-05A8-4A8B-84FB-226A3F4F2922}.Release|iPhoneSimulator.Build.0 = Release|Any CPU
		{F51F73FF-05A8-4A8B-84FB-226A3F4F2922}.Release|iPhoneSimulator.Deploy.0 = Release|Any CPU
		{F51F73FF-05A8-4A8B-84FB-226A3F4F2922}.Release|x64.ActiveCfg = Release|Any CPU
		{F51F73FF-05A8-4A8B-84FB-226A3F4F2922}.Release|x64.Build.0 = Release|Any CPU
		{F51F73FF-05A8-4A8B-84FB-226A3F4F2922}.Release|x64.Deploy.0 = Release|Any CPU
		{F51F73FF-05A8-4A8B-84FB-226A3F4F2922}.Release|x86.ActiveCfg = Release|Any CPU
		{F51F73FF-05A8-4A8B-84FB-226A3F4F2922}.Release|x86.Build.0 = Release|Any CPU
		{F51F73FF-05A8-4A8B-84FB-226A3F4F2922}.Release|x86.Deploy.0 = Release|Any CPU
		{71400766-F841-4B37-B264-02440C73C784}.Ad-Hoc|Any CPU.ActiveCfg = Release|Any CPU
		{71400766-F841-4B37-B264-02440C73C784}.Ad-Hoc|Any CPU.Build.0 = Release|Any CPU
		{71400766-F841-4B37-B264-02440C73C784}.Ad-Hoc|ARM.ActiveCfg = Release|Any CPU
		{71400766-F841-4B37-B264-02440C73C784}.Ad-Hoc|ARM.Build.0 = Release|Any CPU
		{71400766-F841-4B37-B264-02440C73C784}.Ad-Hoc|iPhone.ActiveCfg = Release|Any CPU
		{71400766-F841-4B37-B264-02440C73C784}.Ad-Hoc|iPhone.Build.0 = Release|Any CPU
		{71400766-F841-4B37-B264-02440C73C784}.Ad-Hoc|iPhoneSimulator.ActiveCfg = Release|Any CPU
		{71400766-F841-4B37-B264-02440C73C784}.Ad-Hoc|iPhoneSimulator.Build.0 = Release|Any CPU
		{71400766-F841-4B37-B264-02440C73C784}.Ad-Hoc|x64.ActiveCfg = Release|Any CPU
		{71400766-F841-4B37-B264-02440C73C784}.Ad-Hoc|x64.Build.0 = Release|Any CPU
		{71400766-F841-4B37-B264-02440C73C784}.Ad-Hoc|x86.ActiveCfg = Release|Any CPU
		{71400766-F841-4B37-B264-02440C73C784}.Ad-Hoc|x86.Build.0 = Release|Any CPU
		{71400766-F841-4B37-B264-02440C73C784}.AppStore|Any CPU.ActiveCfg = Release|Any CPU
		{71400766-F841-4B37-B264-02440C73C784}.AppStore|Any CPU.Build.0 = Release|Any CPU
		{71400766-F841-4B37-B264-02440C73C784}.AppStore|ARM.ActiveCfg = Release|Any CPU
		{71400766-F841-4B37-B264-02440C73C784}.AppStore|ARM.Build.0 = Release|Any CPU
		{71400766-F841-4B37-B264-02440C73C784}.AppStore|iPhone.ActiveCfg = Release|Any CPU
		{71400766-F841-4B37-B264-02440C73C784}.AppStore|iPhone.Build.0 = Release|Any CPU
		{71400766-F841-4B37-B264-02440C73C784}.AppStore|iPhoneSimulator.ActiveCfg = Release|Any CPU
		{71400766-F841-4B37-B264-02440C73C784}.AppStore|iPhoneSimulator.Build.0 = Release|Any CPU
		{71400766-F841-4B37-B264-02440C73C784}.AppStore|x64.ActiveCfg = Release|Any CPU
		{71400766-F841-4B37-B264-02440C73C784}.AppStore|x64.Build.0 = Release|Any CPU
		{71400766-F841-4B37-B264-02440C73C784}.AppStore|x86.ActiveCfg = Release|Any CPU
		{71400766-F841-4B37-B264-02440C73C784}.AppStore|x86.Build.0 = Release|Any CPU
		{71400766-F841-4B37-B264-02440C73C784}.Debug|Any CPU.ActiveCfg = Debug|Any CPU
		{71400766-F841-4B37-B264-02440C73C784}.Debug|Any CPU.Build.0 = Debug|Any CPU
		{71400766-F841-4B37-B264-02440C73C784}.Debug|ARM.ActiveCfg = Debug|Any CPU
		{71400766-F841-4B37-B264-02440C73C784}.Debug|ARM.Build.0 = Debug|Any CPU
		{71400766-F841-4B37-B264-02440C73C784}.Debug|iPhone.ActiveCfg = Debug|Any CPU
		{71400766-F841-4B37-B264-02440C73C784}.Debug|iPhone.Build.0 = Debug|Any CPU
		{71400766-F841-4B37-B264-02440C73C784}.Debug|iPhoneSimulator.ActiveCfg = Debug|Any CPU
		{71400766-F841-4B37-B264-02440C73C784}.Debug|iPhoneSimulator.Build.0 = Debug|Any CPU
		{71400766-F841-4B37-B264-02440C73C784}.Debug|x64.ActiveCfg = Debug|Any CPU
		{71400766-F841-4B37-B264-02440C73C784}.Debug|x64.Build.0 = Debug|Any CPU
		{71400766-F841-4B37-B264-02440C73C784}.Debug|x86.ActiveCfg = Debug|Any CPU
		{71400766-F841-4B37-B264-02440C73C784}.Debug|x86.Build.0 = Debug|Any CPU
		{71400766-F841-4B37-B264-02440C73C784}.Release|Any CPU.ActiveCfg = Release|Any CPU
		{71400766-F841-4B37-B264-02440C73C784}.Release|Any CPU.Build.0 = Release|Any CPU
		{71400766-F841-4B37-B264-02440C73C784}.Release|ARM.ActiveCfg = Release|Any CPU
		{71400766-F841-4B37-B264-02440C73C784}.Release|ARM.Build.0 = Release|Any CPU
		{71400766-F841-4B37-B264-02440C73C784}.Release|iPhone.ActiveCfg = Release|Any CPU
		{71400766-F841-4B37-B264-02440C73C784}.Release|iPhone.Build.0 = Release|Any CPU
		{71400766-F841-4B37-B264-02440C73C784}.Release|iPhoneSimulator.ActiveCfg = Release|Any CPU
		{71400766-F841-4B37-B264-02440C73C784}.Release|iPhoneSimulator.Build.0 = Release|Any CPU
		{71400766-F841-4B37-B264-02440C73C784}.Release|x64.ActiveCfg = Release|Any CPU
		{71400766-F841-4B37-B264-02440C73C784}.Release|x64.Build.0 = Release|Any CPU
		{71400766-F841-4B37-B264-02440C73C784}.Release|x86.ActiveCfg = Release|Any CPU
		{71400766-F841-4B37-B264-02440C73C784}.Release|x86.Build.0 = Release|Any CPU
		{256EC67C-B31B-4C05-A098-829F09E67A89}.Ad-Hoc|Any CPU.ActiveCfg = Release|Any CPU
		{256EC67C-B31B-4C05-A098-829F09E67A89}.Ad-Hoc|Any CPU.Build.0 = Release|Any CPU
		{256EC67C-B31B-4C05-A098-829F09E67A89}.Ad-Hoc|ARM.ActiveCfg = Release|Any CPU
		{256EC67C-B31B-4C05-A098-829F09E67A89}.Ad-Hoc|ARM.Build.0 = Release|Any CPU
		{256EC67C-B31B-4C05-A098-829F09E67A89}.Ad-Hoc|iPhone.ActiveCfg = Release|Any CPU
		{256EC67C-B31B-4C05-A098-829F09E67A89}.Ad-Hoc|iPhone.Build.0 = Release|Any CPU
		{256EC67C-B31B-4C05-A098-829F09E67A89}.Ad-Hoc|iPhoneSimulator.ActiveCfg = Release|Any CPU
		{256EC67C-B31B-4C05-A098-829F09E67A89}.Ad-Hoc|iPhoneSimulator.Build.0 = Release|Any CPU
		{256EC67C-B31B-4C05-A098-829F09E67A89}.Ad-Hoc|x64.ActiveCfg = Release|Any CPU
		{256EC67C-B31B-4C05-A098-829F09E67A89}.Ad-Hoc|x64.Build.0 = Release|Any CPU
		{256EC67C-B31B-4C05-A098-829F09E67A89}.Ad-Hoc|x86.ActiveCfg = Release|Any CPU
		{256EC67C-B31B-4C05-A098-829F09E67A89}.Ad-Hoc|x86.Build.0 = Release|Any CPU
		{256EC67C-B31B-4C05-A098-829F09E67A89}.AppStore|Any CPU.ActiveCfg = Release|Any CPU
		{256EC67C-B31B-4C05-A098-829F09E67A89}.AppStore|Any CPU.Build.0 = Release|Any CPU
		{256EC67C-B31B-4C05-A098-829F09E67A89}.AppStore|ARM.ActiveCfg = Release|Any CPU
		{256EC67C-B31B-4C05-A098-829F09E67A89}.AppStore|ARM.Build.0 = Release|Any CPU
		{256EC67C-B31B-4C05-A098-829F09E67A89}.AppStore|iPhone.ActiveCfg = Release|Any CPU
		{256EC67C-B31B-4C05-A098-829F09E67A89}.AppStore|iPhone.Build.0 = Release|Any CPU
		{256EC67C-B31B-4C05-A098-829F09E67A89}.AppStore|iPhoneSimulator.ActiveCfg = Release|Any CPU
		{256EC67C-B31B-4C05-A098-829F09E67A89}.AppStore|iPhoneSimulator.Build.0 = Release|Any CPU
		{256EC67C-B31B-4C05-A098-829F09E67A89}.AppStore|x64.ActiveCfg = Release|Any CPU
		{256EC67C-B31B-4C05-A098-829F09E67A89}.AppStore|x64.Build.0 = Release|Any CPU
		{256EC67C-B31B-4C05-A098-829F09E67A89}.AppStore|x86.ActiveCfg = Release|Any CPU
		{256EC67C-B31B-4C05-A098-829F09E67A89}.AppStore|x86.Build.0 = Release|Any CPU
		{256EC67C-B31B-4C05-A098-829F09E67A89}.Debug|Any CPU.ActiveCfg = Debug|Any CPU
		{256EC67C-B31B-4C05-A098-829F09E67A89}.Debug|Any CPU.Build.0 = Debug|Any CPU
		{256EC67C-B31B-4C05-A098-829F09E67A89}.Debug|ARM.ActiveCfg = Debug|Any CPU
		{256EC67C-B31B-4C05-A098-829F09E67A89}.Debug|ARM.Build.0 = Debug|Any CPU
		{256EC67C-B31B-4C05-A098-829F09E67A89}.Debug|iPhone.ActiveCfg = Debug|Any CPU
		{256EC67C-B31B-4C05-A098-829F09E67A89}.Debug|iPhone.Build.0 = Debug|Any CPU
		{256EC67C-B31B-4C05-A098-829F09E67A89}.Debug|iPhoneSimulator.ActiveCfg = Debug|Any CPU
		{256EC67C-B31B-4C05-A098-829F09E67A89}.Debug|iPhoneSimulator.Build.0 = Debug|Any CPU
		{256EC67C-B31B-4C05-A098-829F09E67A89}.Debug|x64.ActiveCfg = Debug|Any CPU
		{256EC67C-B31B-4C05-A098-829F09E67A89}.Debug|x64.Build.0 = Debug|Any CPU
		{256EC67C-B31B-4C05-A098-829F09E67A89}.Debug|x86.ActiveCfg = Debug|Any CPU
		{256EC67C-B31B-4C05-A098-829F09E67A89}.Debug|x86.Build.0 = Debug|Any CPU
		{256EC67C-B31B-4C05-A098-829F09E67A89}.Release|Any CPU.ActiveCfg = Release|Any CPU
		{256EC67C-B31B-4C05-A098-829F09E67A89}.Release|Any CPU.Build.0 = Release|Any CPU
		{256EC67C-B31B-4C05-A098-829F09E67A89}.Release|ARM.ActiveCfg = Release|Any CPU
		{256EC67C-B31B-4C05-A098-829F09E67A89}.Release|ARM.Build.0 = Release|Any CPU
		{256EC67C-B31B-4C05-A098-829F09E67A89}.Release|iPhone.ActiveCfg = Release|Any CPU
		{256EC67C-B31B-4C05-A098-829F09E67A89}.Release|iPhone.Build.0 = Release|Any CPU
		{256EC67C-B31B-4C05-A098-829F09E67A89}.Release|iPhoneSimulator.ActiveCfg = Release|Any CPU
		{256EC67C-B31B-4C05-A098-829F09E67A89}.Release|iPhoneSimulator.Build.0 = Release|Any CPU
		{256EC67C-B31B-4C05-A098-829F09E67A89}.Release|x64.ActiveCfg = Release|Any CPU
		{256EC67C-B31B-4C05-A098-829F09E67A89}.Release|x64.Build.0 = Release|Any CPU
		{256EC67C-B31B-4C05-A098-829F09E67A89}.Release|x86.ActiveCfg = Release|Any CPU
		{256EC67C-B31B-4C05-A098-829F09E67A89}.Release|x86.Build.0 = Release|Any CPU
		{DB36861E-9F4D-416C-9498-78B82C7334A2}.Ad-Hoc|Any CPU.ActiveCfg = Release|Any CPU
		{DB36861E-9F4D-416C-9498-78B82C7334A2}.Ad-Hoc|Any CPU.Build.0 = Release|Any CPU
		{DB36861E-9F4D-416C-9498-78B82C7334A2}.Ad-Hoc|ARM.ActiveCfg = Release|Any CPU
		{DB36861E-9F4D-416C-9498-78B82C7334A2}.Ad-Hoc|ARM.Build.0 = Release|Any CPU
		{DB36861E-9F4D-416C-9498-78B82C7334A2}.Ad-Hoc|iPhone.ActiveCfg = Release|Any CPU
		{DB36861E-9F4D-416C-9498-78B82C7334A2}.Ad-Hoc|iPhone.Build.0 = Release|Any CPU
		{DB36861E-9F4D-416C-9498-78B82C7334A2}.Ad-Hoc|iPhoneSimulator.ActiveCfg = Release|Any CPU
		{DB36861E-9F4D-416C-9498-78B82C7334A2}.Ad-Hoc|iPhoneSimulator.Build.0 = Release|Any CPU
		{DB36861E-9F4D-416C-9498-78B82C7334A2}.Ad-Hoc|x64.ActiveCfg = Release|Any CPU
		{DB36861E-9F4D-416C-9498-78B82C7334A2}.Ad-Hoc|x64.Build.0 = Release|Any CPU
		{DB36861E-9F4D-416C-9498-78B82C7334A2}.Ad-Hoc|x86.ActiveCfg = Release|Any CPU
		{DB36861E-9F4D-416C-9498-78B82C7334A2}.Ad-Hoc|x86.Build.0 = Release|Any CPU
		{DB36861E-9F4D-416C-9498-78B82C7334A2}.AppStore|Any CPU.ActiveCfg = Release|Any CPU
		{DB36861E-9F4D-416C-9498-78B82C7334A2}.AppStore|Any CPU.Build.0 = Release|Any CPU
		{DB36861E-9F4D-416C-9498-78B82C7334A2}.AppStore|ARM.ActiveCfg = Release|Any CPU
		{DB36861E-9F4D-416C-9498-78B82C7334A2}.AppStore|ARM.Build.0 = Release|Any CPU
		{DB36861E-9F4D-416C-9498-78B82C7334A2}.AppStore|iPhone.ActiveCfg = Release|Any CPU
		{DB36861E-9F4D-416C-9498-78B82C7334A2}.AppStore|iPhone.Build.0 = Release|Any CPU
		{DB36861E-9F4D-416C-9498-78B82C7334A2}.AppStore|iPhoneSimulator.ActiveCfg = Release|Any CPU
		{DB36861E-9F4D-416C-9498-78B82C7334A2}.AppStore|iPhoneSimulator.Build.0 = Release|Any CPU
		{DB36861E-9F4D-416C-9498-78B82C7334A2}.AppStore|x64.ActiveCfg = Release|Any CPU
		{DB36861E-9F4D-416C-9498-78B82C7334A2}.AppStore|x64.Build.0 = Release|Any CPU
		{DB36861E-9F4D-416C-9498-78B82C7334A2}.AppStore|x86.ActiveCfg = Release|Any CPU
		{DB36861E-9F4D-416C-9498-78B82C7334A2}.AppStore|x86.Build.0 = Release|Any CPU
		{DB36861E-9F4D-416C-9498-78B82C7334A2}.Debug|Any CPU.ActiveCfg = Debug|Any CPU
		{DB36861E-9F4D-416C-9498-78B82C7334A2}.Debug|Any CPU.Build.0 = Debug|Any CPU
		{DB36861E-9F4D-416C-9498-78B82C7334A2}.Debug|ARM.ActiveCfg = Debug|Any CPU
		{DB36861E-9F4D-416C-9498-78B82C7334A2}.Debug|ARM.Build.0 = Debug|Any CPU
		{DB36861E-9F4D-416C-9498-78B82C7334A2}.Debug|iPhone.ActiveCfg = Debug|Any CPU
		{DB36861E-9F4D-416C-9498-78B82C7334A2}.Debug|iPhone.Build.0 = Debug|Any CPU
		{DB36861E-9F4D-416C-9498-78B82C7334A2}.Debug|iPhoneSimulator.ActiveCfg = Debug|Any CPU
		{DB36861E-9F4D-416C-9498-78B82C7334A2}.Debug|iPhoneSimulator.Build.0 = Debug|Any CPU
		{DB36861E-9F4D-416C-9498-78B82C7334A2}.Debug|x64.ActiveCfg = Debug|Any CPU
		{DB36861E-9F4D-416C-9498-78B82C7334A2}.Debug|x64.Build.0 = Debug|Any CPU
		{DB36861E-9F4D-416C-9498-78B82C7334A2}.Debug|x86.ActiveCfg = Debug|Any CPU
		{DB36861E-9F4D-416C-9498-78B82C7334A2}.Debug|x86.Build.0 = Debug|Any CPU
		{DB36861E-9F4D-416C-9498-78B82C7334A2}.Release|Any CPU.ActiveCfg = Release|Any CPU
		{DB36861E-9F4D-416C-9498-78B82C7334A2}.Release|Any CPU.Build.0 = Release|Any CPU
		{DB36861E-9F4D-416C-9498-78B82C7334A2}.Release|ARM.ActiveCfg = Release|Any CPU
		{DB36861E-9F4D-416C-9498-78B82C7334A2}.Release|ARM.Build.0 = Release|Any CPU
		{DB36861E-9F4D-416C-9498-78B82C7334A2}.Release|iPhone.ActiveCfg = Release|Any CPU
		{DB36861E-9F4D-416C-9498-78B82C7334A2}.Release|iPhone.Build.0 = Release|Any CPU
		{DB36861E-9F4D-416C-9498-78B82C7334A2}.Release|iPhoneSimulator.ActiveCfg = Release|Any CPU
		{DB36861E-9F4D-416C-9498-78B82C7334A2}.Release|iPhoneSimulator.Build.0 = Release|Any CPU
		{DB36861E-9F4D-416C-9498-78B82C7334A2}.Release|x64.ActiveCfg = Release|Any CPU
		{DB36861E-9F4D-416C-9498-78B82C7334A2}.Release|x64.Build.0 = Release|Any CPU
		{DB36861E-9F4D-416C-9498-78B82C7334A2}.Release|x86.ActiveCfg = Release|Any CPU
		{DB36861E-9F4D-416C-9498-78B82C7334A2}.Release|x86.Build.0 = Release|Any CPU
		{0A64D1A4-302D-421A-A6B6-D430F54B9063}.Ad-Hoc|Any CPU.ActiveCfg = Release|Any CPU
		{0A64D1A4-302D-421A-A6B6-D430F54B9063}.Ad-Hoc|Any CPU.Build.0 = Release|Any CPU
		{0A64D1A4-302D-421A-A6B6-D430F54B9063}.Ad-Hoc|ARM.ActiveCfg = Release|Any CPU
		{0A64D1A4-302D-421A-A6B6-D430F54B9063}.Ad-Hoc|ARM.Build.0 = Release|Any CPU
		{0A64D1A4-302D-421A-A6B6-D430F54B9063}.Ad-Hoc|iPhone.ActiveCfg = Release|Any CPU
		{0A64D1A4-302D-421A-A6B6-D430F54B9063}.Ad-Hoc|iPhone.Build.0 = Release|Any CPU
		{0A64D1A4-302D-421A-A6B6-D430F54B9063}.Ad-Hoc|iPhoneSimulator.ActiveCfg = Release|Any CPU
		{0A64D1A4-302D-421A-A6B6-D430F54B9063}.Ad-Hoc|iPhoneSimulator.Build.0 = Release|Any CPU
		{0A64D1A4-302D-421A-A6B6-D430F54B9063}.Ad-Hoc|x64.ActiveCfg = Release|Any CPU
		{0A64D1A4-302D-421A-A6B6-D430F54B9063}.Ad-Hoc|x64.Build.0 = Release|Any CPU
		{0A64D1A4-302D-421A-A6B6-D430F54B9063}.Ad-Hoc|x86.ActiveCfg = Release|Any CPU
		{0A64D1A4-302D-421A-A6B6-D430F54B9063}.Ad-Hoc|x86.Build.0 = Release|Any CPU
		{0A64D1A4-302D-421A-A6B6-D430F54B9063}.AppStore|Any CPU.ActiveCfg = Release|Any CPU
		{0A64D1A4-302D-421A-A6B6-D430F54B9063}.AppStore|Any CPU.Build.0 = Release|Any CPU
		{0A64D1A4-302D-421A-A6B6-D430F54B9063}.AppStore|ARM.ActiveCfg = Release|Any CPU
		{0A64D1A4-302D-421A-A6B6-D430F54B9063}.AppStore|ARM.Build.0 = Release|Any CPU
		{0A64D1A4-302D-421A-A6B6-D430F54B9063}.AppStore|iPhone.ActiveCfg = Release|Any CPU
		{0A64D1A4-302D-421A-A6B6-D430F54B9063}.AppStore|iPhone.Build.0 = Release|Any CPU
		{0A64D1A4-302D-421A-A6B6-D430F54B9063}.AppStore|iPhoneSimulator.ActiveCfg = Release|Any CPU
		{0A64D1A4-302D-421A-A6B6-D430F54B9063}.AppStore|iPhoneSimulator.Build.0 = Release|Any CPU
		{0A64D1A4-302D-421A-A6B6-D430F54B9063}.AppStore|x64.ActiveCfg = Release|Any CPU
		{0A64D1A4-302D-421A-A6B6-D430F54B9063}.AppStore|x64.Build.0 = Release|Any CPU
		{0A64D1A4-302D-421A-A6B6-D430F54B9063}.AppStore|x86.ActiveCfg = Release|Any CPU
		{0A64D1A4-302D-421A-A6B6-D430F54B9063}.AppStore|x86.Build.0 = Release|Any CPU
		{0A64D1A4-302D-421A-A6B6-D430F54B9063}.Debug|Any CPU.ActiveCfg = Debug|Any CPU
		{0A64D1A4-302D-421A-A6B6-D430F54B9063}.Debug|Any CPU.Build.0 = Debug|Any CPU
		{0A64D1A4-302D-421A-A6B6-D430F54B9063}.Debug|ARM.ActiveCfg = Debug|Any CPU
		{0A64D1A4-302D-421A-A6B6-D430F54B9063}.Debug|ARM.Build.0 = Debug|Any CPU
		{0A64D1A4-302D-421A-A6B6-D430F54B9063}.Debug|iPhone.ActiveCfg = Debug|Any CPU
		{0A64D1A4-302D-421A-A6B6-D430F54B9063}.Debug|iPhone.Build.0 = Debug|Any CPU
		{0A64D1A4-302D-421A-A6B6-D430F54B9063}.Debug|iPhoneSimulator.ActiveCfg = Debug|Any CPU
		{0A64D1A4-302D-421A-A6B6-D430F54B9063}.Debug|iPhoneSimulator.Build.0 = Debug|Any CPU
		{0A64D1A4-302D-421A-A6B6-D430F54B9063}.Debug|x64.ActiveCfg = Debug|Any CPU
		{0A64D1A4-302D-421A-A6B6-D430F54B9063}.Debug|x64.Build.0 = Debug|Any CPU
		{0A64D1A4-302D-421A-A6B6-D430F54B9063}.Debug|x86.ActiveCfg = Debug|Any CPU
		{0A64D1A4-302D-421A-A6B6-D430F54B9063}.Debug|x86.Build.0 = Debug|Any CPU
		{0A64D1A4-302D-421A-A6B6-D430F54B9063}.Release|Any CPU.ActiveCfg = Release|Any CPU
		{0A64D1A4-302D-421A-A6B6-D430F54B9063}.Release|Any CPU.Build.0 = Release|Any CPU
		{0A64D1A4-302D-421A-A6B6-D430F54B9063}.Release|ARM.ActiveCfg = Release|Any CPU
		{0A64D1A4-302D-421A-A6B6-D430F54B9063}.Release|ARM.Build.0 = Release|Any CPU
		{0A64D1A4-302D-421A-A6B6-D430F54B9063}.Release|iPhone.ActiveCfg = Release|Any CPU
		{0A64D1A4-302D-421A-A6B6-D430F54B9063}.Release|iPhone.Build.0 = Release|Any CPU
		{0A64D1A4-302D-421A-A6B6-D430F54B9063}.Release|iPhoneSimulator.ActiveCfg = Release|Any CPU
		{0A64D1A4-302D-421A-A6B6-D430F54B9063}.Release|iPhoneSimulator.Build.0 = Release|Any CPU
		{0A64D1A4-302D-421A-A6B6-D430F54B9063}.Release|x64.ActiveCfg = Release|Any CPU
		{0A64D1A4-302D-421A-A6B6-D430F54B9063}.Release|x64.Build.0 = Release|Any CPU
		{0A64D1A4-302D-421A-A6B6-D430F54B9063}.Release|x86.ActiveCfg = Release|Any CPU
		{0A64D1A4-302D-421A-A6B6-D430F54B9063}.Release|x86.Build.0 = Release|Any CPU
	EndGlobalSection
	GlobalSection(SolutionProperties) = preSolution
		HideSolutionNode = FALSE
	EndGlobalSection
	GlobalSection(ExtensibilityGlobals) = postSolution
		SolutionGuid = {41F52A9A-1158-4DE0-B468-074EF7F68A0E}
	EndGlobalSection
EndGlobal
